
Microsoft Visual Studio Solution File, Format Version 12.00
# Visual Studio 2015
Project("{FAE04EC0-301F-11D3-BF4B-00C04F79EFBC}") = "DegsnesTD.CSharp", "DegsnesTD.CSharp.csproj", "{FDFB9403-CA34-116C-6065-CC3C16C80636}"
EndProject
Project("{F2A71F9B-5D33-465A-A702-920D77279786}") = "TDLibrary", "TDLibrary\TDLibrary.fsproj", "{128B7711-5963-4BBD-A15C-F139E235CF60}"
EndProject
Global
	GlobalSection(SolutionConfigurationPlatforms) = preSolution
		Debug|Any CPU = Debug|Any CPU
		Release|Any CPU = Release|Any CPU
	EndGlobalSection
	GlobalSection(ProjectConfigurationPlatforms) = postSolution
		{FDFB9403-CA34-116C-6065-CC3C16C80636}.Debug|Any CPU.ActiveCfg = Debug|Any CPU
		{FDFB9403-CA34-116C-6065-CC3C16C80636}.Debug|Any CPU.Build.0 = Debug|Any CPU
		{FDFB9403-CA34-116C-6065-CC3C16C80636}.Release|Any CPU.ActiveCfg = Release|Any CPU
		{FDFB9403-CA34-116C-6065-CC3C16C80636}.Release|Any CPU.Build.0 = Release|Any CPU
		{128B7711-5963-4BBD-A15C-F139E235CF60}.Debug|Any CPU.ActiveCfg = Debug|Any CPU
		{128B7711-5963-4BBD-A15C-F139E235CF60}.Debug|Any CPU.Build.0 = Debug|Any CPU
		{128B7711-5963-4BBD-A15C-F139E235CF60}.Release|Any CPU.ActiveCfg = Release|Any CPU
		{128B7711-5963-4BBD-A15C-F139E235CF60}.Release|Any CPU.Build.0 = Release|Any CPU
	EndGlobalSection
	GlobalSection(SolutionProperties) = preSolution
		HideSolutionNode = FALSE
	EndGlobalSection
EndGlobal
